
Microsoft Visual Studio Solution File, Format Version 12.00
# Visual Studio Version 17
VisualStudioVersion = 17.0.31903.59
MinimumVisualStudioVersion = 10.0.40219.1
Project("{2150E333-8FDC-42A3-9474-1A3956D46DE8}") = "src", "src", "{827E0CD3-B72D-47B6-A68D-7590B98EB39B}"
EndProject
Project("{FAE04EC0-301F-11D3-BF4B-00C04F79EFBC}") = "RabbitMq.Common", "src\RabbitMq.Common\RabbitMq.Common.csproj", "{22FC14EE-37D1-46AA-BF51-20DEF9141FFB}"
EndProject
Project("{FAE04EC0-301F-11D3-BF4B-00C04F79EFBC}") = "Producer", "src\Producer\Producer.csproj", "{779B69CE-1A8C-4FE9-BED5-BCA62BBE058F}"
EndProject
Project("{FAE04EC0-301F-11D3-BF4B-00C04F79EFBC}") = "Consumer", "src\Consumer\Consumer.csproj", "{FFD15F94-DB53-4BB6-9D45-D074DC00BE81}"
EndProject
Global
	GlobalSection(SolutionConfigurationPlatforms) = preSolution
		Debug|Any CPU = Debug|Any CPU
		Debug|x64 = Debug|x64
		Debug|x86 = Debug|x86
		Release|Any CPU = Release|Any CPU
		Release|x64 = Release|x64
		Release|x86 = Release|x86
	EndGlobalSection
	GlobalSection(ProjectConfigurationPlatforms) = postSolution
		{22FC14EE-37D1-46AA-BF51-20DEF9141FFB}.Debug|Any CPU.ActiveCfg = Debug|Any CPU
		{22FC14EE-37D1-46AA-BF51-20DEF9141FFB}.Debug|Any CPU.Build.0 = Debug|Any CPU
		{22FC14EE-37D1-46AA-BF51-20DEF9141FFB}.Debug|x64.ActiveCfg = Debug|Any CPU
		{22FC14EE-37D1-46AA-BF51-20DEF9141FFB}.Debug|x64.Build.0 = Debug|Any CPU
		{22FC14EE-37D1-46AA-BF51-20DEF9141FFB}.Debug|x86.ActiveCfg = Debug|Any CPU
		{22FC14EE-37D1-46AA-BF51-20DEF9141FFB}.Debug|x86.Build.0 = Debug|Any CPU
		{22FC14EE-37D1-46AA-BF51-20DEF9141FFB}.Release|Any CPU.ActiveCfg = Release|Any CPU
		{22FC14EE-37D1-46AA-BF51-20DEF9141FFB}.Release|Any CPU.Build.0 = Release|Any CPU
		{22FC14EE-37D1-46AA-BF51-20DEF9141FFB}.Release|x64.ActiveCfg = Release|Any CPU
		{22FC14EE-37D1-46AA-BF51-20DEF9141FFB}.Release|x64.Build.0 = Release|Any CPU
		{22FC14EE-37D1-46AA-BF51-20DEF9141FFB}.Release|x86.ActiveCfg = Release|Any CPU
		{22FC14EE-37D1-46AA-BF51-20DEF9141FFB}.Release|x86.Build.0 = Release|Any CPU
		{779B69CE-1A8C-4FE9-BED5-BCA62BBE058F}.Debug|Any CPU.ActiveCfg = Debug|Any CPU
		{779B69CE-1A8C-4FE9-BED5-BCA62BBE058F}.Debug|Any CPU.Build.0 = Debug|Any CPU
		{779B69CE-1A8C-4FE9-BED5-BCA62BBE058F}.Debug|x64.ActiveCfg = Debug|Any CPU
		{779B69CE-1A8C-4FE9-BED5-BCA62BBE058F}.Debug|x64.Build.0 = Debug|Any CPU
		{779B69CE-1A8C-4FE9-BED5-BCA62BBE058F}.Debug|x86.ActiveCfg = Debug|Any CPU
		{779B69CE-1A8C-4FE9-BED5-BCA62BBE058F}.Debug|x86.Build.0 = Debug|Any CPU
		{779B69CE-1A8C-4FE9-BED5-BCA62BBE058F}.Release|Any CPU.ActiveCfg = Release|Any CPU
		{779B69CE-1A8C-4FE9-BED5-BCA62BBE058F}.Release|Any CPU.Build.0 = Release|Any CPU
		{779B69CE-1A8C-4FE9-BED5-BCA62BBE058F}.Release|x64.ActiveCfg = Release|Any CPU
		{779B69CE-1A8C-4FE9-BED5-BCA62BBE058F}.Release|x64.Build.0 = Release|Any CPU
		{779B69CE-1A8C-4FE9-BED5-BCA62BBE058F}.Release|x86.ActiveCfg = Release|Any CPU
		{779B69CE-1A8C-4FE9-BED5-BCA62BBE058F}.Release|x86.Build.0 = Release|Any CPU
		{FFD15F94-DB53-4BB6-9D45-D074DC00BE81}.Debug|Any CPU.ActiveCfg = Debug|Any CPU
		{FFD15F94-DB53-4BB6-9D45-D074DC00BE81}.Debug|Any CPU.Build.0 = Debug|Any CPU
		{FFD15F94-DB53-4BB6-9D45-D074DC00BE81}.Debug|x64.ActiveCfg = Debug|Any CPU
		{FFD15F94-DB53-4BB6-9D45-D074DC00BE81}.Debug|x64.Build.0 = Debug|Any CPU
		{FFD15F94-DB53-4BB6-9D45-D074DC00BE81}.Debug|x86.ActiveCfg = Debug|Any CPU
		{FFD15F94-DB53-4BB6-9D45-D074DC00BE81}.Debug|x86.Build.0 = Debug|Any CPU
		{FFD15F94-DB53-4BB6-9D45-D074DC00BE81}.Release|Any CPU.ActiveCfg = Release|Any CPU
		{FFD15F94-DB53-4BB6-9D45-D074DC00BE81}.Release|Any CPU.Build.0 = Release|Any CPU
		{FFD15F94-DB53-4BB6-9D45-D074DC00BE81}.Release|x64.ActiveCfg = Release|Any CPU
		{FFD15F94-DB53-4BB6-9D45-D074DC00BE81}.Release|x64.Build.0 = Release|Any CPU
		{FFD15F94-DB53-4BB6-9D45-D074DC00BE81}.Release|x86.ActiveCfg = Release|Any CPU
		{FFD15F94-DB53-4BB6-9D45-D074DC00BE81}.Release|x86.Build.0 = Release|Any CPU
	EndGlobalSection
	GlobalSection(SolutionProperties) = preSolution
		HideSolutionNode = FALSE
	EndGlobalSection
	GlobalSection(NestedProjects) = preSolution
		{22FC14EE-37D1-46AA-BF51-20DEF9141FFB} = {827E0CD3-B72D-47B6-A68D-7590B98EB39B}
		{779B69CE-1A8C-4FE9-BED5-BCA62BBE058F} = {827E0CD3-B72D-47B6-A68D-7590B98EB39B}
		{FFD15F94-DB53-4BB6-9D45-D074DC00BE81} = {827E0CD3-B72D-47B6-A68D-7590B98EB39B}
	EndGlobalSection
EndGlobal
